
Microsoft Visual Studio Solution File, Format Version 12.00
# Visual Studio Version 17
VisualStudioVersion = 17.0.31903.59
MinimumVisualStudioVersion = 10.0.40219.1
Project("{2150E333-8FDC-42A3-9474-1A3956D46DE8}") = "src", "src", "{827E0CD3-B72D-47B6-A68D-7590B98EB39B}"
EndProject
Project("{FAE04EC0-301F-11D3-BF4B-00C04F79EFBC}") = "ToDoList.WebApi", "src\ToDoList.WebApi\ToDoList.WebApi.csproj", "{4A7BFBBD-6E89-4824-9773-A47223F65AAA}"
EndProject
Project("{FAE04EC0-301F-11D3-BF4B-00C04F79EFBC}") = "ToDoList.Domain", "src\ToDoList.Domain\ToDoList.Domain.csproj", "{EC38FA8A-AC98-4243-B0A9-AC1DD2C0EEB9}"
EndProject
Project("{2150E333-8FDC-42A3-9474-1A3956D46DE8}") = "tests", "tests", "{0AB3BF05-4346-4AA6-1389-037BE0695223}"
EndProject
Project("{FAE04EC0-301F-11D3-BF4B-00C04F79EFBC}") = "ToDoList.Test", "tests\ToDoList.Test\ToDoList.Test.csproj", "{3B85C064-0D6C-47A5-BB74-631662D2C727}"
EndProject
Global
	GlobalSection(SolutionConfigurationPlatforms) = preSolution
		Debug|Any CPU = Debug|Any CPU
		Debug|x64 = Debug|x64
		Debug|x86 = Debug|x86
		Release|Any CPU = Release|Any CPU
		Release|x64 = Release|x64
		Release|x86 = Release|x86
	EndGlobalSection
	GlobalSection(ProjectConfigurationPlatforms) = postSolution
		{4A7BFBBD-6E89-4824-9773-A47223F65AAA}.Debug|Any CPU.ActiveCfg = Debug|Any CPU
		{4A7BFBBD-6E89-4824-9773-A47223F65AAA}.Debug|Any CPU.Build.0 = Debug|Any CPU
		{4A7BFBBD-6E89-4824-9773-A47223F65AAA}.Debug|x64.ActiveCfg = Debug|Any CPU
		{4A7BFBBD-6E89-4824-9773-A47223F65AAA}.Debug|x64.Build.0 = Debug|Any CPU
		{4A7BFBBD-6E89-4824-9773-A47223F65AAA}.Debug|x86.ActiveCfg = Debug|Any CPU
		{4A7BFBBD-6E89-4824-9773-A47223F65AAA}.Debug|x86.Build.0 = Debug|Any CPU
		{4A7BFBBD-6E89-4824-9773-A47223F65AAA}.Release|Any CPU.ActiveCfg = Release|Any CPU
		{4A7BFBBD-6E89-4824-9773-A47223F65AAA}.Release|Any CPU.Build.0 = Release|Any CPU
		{4A7BFBBD-6E89-4824-9773-A47223F65AAA}.Release|x64.ActiveCfg = Release|Any CPU
		{4A7BFBBD-6E89-4824-9773-A47223F65AAA}.Release|x64.Build.0 = Release|Any CPU
		{4A7BFBBD-6E89-4824-9773-A47223F65AAA}.Release|x86.ActiveCfg = Release|Any CPU
		{4A7BFBBD-6E89-4824-9773-A47223F65AAA}.Release|x86.Build.0 = Release|Any CPU
		{EC38FA8A-AC98-4243-B0A9-AC1DD2C0EEB9}.Debug|Any CPU.ActiveCfg = Debug|Any CPU
		{EC38FA8A-AC98-4243-B0A9-AC1DD2C0EEB9}.Debug|Any CPU.Build.0 = Debug|Any CPU
		{EC38FA8A-AC98-4243-B0A9-AC1DD2C0EEB9}.Debug|x64.ActiveCfg = Debug|Any CPU
		{EC38FA8A-AC98-4243-B0A9-AC1DD2C0EEB9}.Debug|x64.Build.0 = Debug|Any CPU
		{EC38FA8A-AC98-4243-B0A9-AC1DD2C0EEB9}.Debug|x86.ActiveCfg = Debug|Any CPU
		{EC38FA8A-AC98-4243-B0A9-AC1DD2C0EEB9}.Debug|x86.Build.0 = Debug|Any CPU
		{EC38FA8A-AC98-4243-B0A9-AC1DD2C0EEB9}.Release|Any CPU.ActiveCfg = Release|Any CPU
		{EC38FA8A-AC98-4243-B0A9-AC1DD2C0EEB9}.Release|Any CPU.Build.0 = Release|Any CPU
		{EC38FA8A-AC98-4243-B0A9-AC1DD2C0EEB9}.Release|x64.ActiveCfg = Release|Any CPU
		{EC38FA8A-AC98-4243-B0A9-AC1DD2C0EEB9}.Release|x64.Build.0 = Release|Any CPU
		{EC38FA8A-AC98-4243-B0A9-AC1DD2C0EEB9}.Release|x86.ActiveCfg = Release|Any CPU
		{EC38FA8A-AC98-4243-B0A9-AC1DD2C0EEB9}.Release|x86.Build.0 = Release|Any CPU
		{3B85C064-0D6C-47A5-BB74-631662D2C727}.Debug|Any CPU.ActiveCfg = Debug|Any CPU
		{3B85C064-0D6C-47A5-BB74-631662D2C727}.Debug|Any CPU.Build.0 = Debug|Any CPU
		{3B85C064-0D6C-47A5-BB74-631662D2C727}.Debug|x64.ActiveCfg = Debug|Any CPU
		{3B85C064-0D6C-47A5-BB74-631662D2C727}.Debug|x64.Build.0 = Debug|Any CPU
		{3B85C064-0D6C-47A5-BB74-631662D2C727}.Debug|x86.ActiveCfg = Debug|Any CPU
		{3B85C064-0D6C-47A5-BB74-631662D2C727}.Debug|x86.Build.0 = Debug|Any CPU
		{3B85C064-0D6C-47A5-BB74-631662D2C727}.Release|Any CPU.ActiveCfg = Release|Any CPU
		{3B85C064-0D6C-47A5-BB74-631662D2C727}.Release|Any CPU.Build.0 = Release|Any CPU
		{3B85C064-0D6C-47A5-BB74-631662D2C727}.Release|x64.ActiveCfg = Release|Any CPU
		{3B85C064-0D6C-47A5-BB74-631662D2C727}.Release|x64.Build.0 = Release|Any CPU
		{3B85C064-0D6C-47A5-BB74-631662D2C727}.Release|x86.ActiveCfg = Release|Any CPU
		{3B85C064-0D6C-47A5-BB74-631662D2C727}.Release|x86.Build.0 = Release|Any CPU
	EndGlobalSection
	GlobalSection(SolutionProperties) = preSolution
		HideSolutionNode = FALSE
	EndGlobalSection
	GlobalSection(NestedProjects) = preSolution
		{4A7BFBBD-6E89-4824-9773-A47223F65AAA} = {827E0CD3-B72D-47B6-A68D-7590B98EB39B}
		{EC38FA8A-AC98-4243-B0A9-AC1DD2C0EEB9} = {827E0CD3-B72D-47B6-A68D-7590B98EB39B}
		{3B85C064-0D6C-47A5-BB74-631662D2C727} = {0AB3BF05-4346-4AA6-1389-037BE0695223}
	EndGlobalSection
EndGlobal
